
Microsoft Visual Studio Solution File, Format Version 12.00
# Visual Studio Version 17
VisualStudioVersion = 17.0.31903.59
MinimumVisualStudioVersion = 10.0.40219.1
Project("{FAE04EC0-301F-11D3-BF4B-00C04F79EFBC}") = "AuthApi", "AuthApi\AuthApi.csproj", "{372B9A81-6F55-4167-A6B7-893480E8A5C0}"
EndProject
Project("{FAE04EC0-301F-11D3-BF4B-00C04F79EFBC}") = "AuthApi.Tests", "AuthApi.Tests\AuthApi.Tests.csproj", "{12CB0025-0158-4089-B9FA-67B014028BFE}"
EndProject
Global
	GlobalSection(SolutionConfigurationPlatforms) = preSolution
		Debug|Any CPU = Debug|Any CPU
		Debug|x64 = Debug|x64
		Debug|x86 = Debug|x86
		Release|Any CPU = Release|Any CPU
		Release|x64 = Release|x64
		Release|x86 = Release|x86
	EndGlobalSection
	GlobalSection(ProjectConfigurationPlatforms) = postSolution
		{372B9A81-6F55-4167-A6B7-893480E8A5C0}.Debug|Any CPU.ActiveCfg = Debug|Any CPU
		{372B9A81-6F55-4167-A6B7-893480E8A5C0}.Debug|Any CPU.Build.0 = Debug|Any CPU
		{372B9A81-6F55-4167-A6B7-893480E8A5C0}.Debug|x64.ActiveCfg = Debug|Any CPU
		{372B9A81-6F55-4167-A6B7-893480E8A5C0}.Debug|x64.Build.0 = Debug|Any CPU
		{372B9A81-6F55-4167-A6B7-893480E8A5C0}.Debug|x86.ActiveCfg = Debug|Any CPU
		{372B9A81-6F55-4167-A6B7-893480E8A5C0}.Debug|x86.Build.0 = Debug|Any CPU
		{372B9A81-6F55-4167-A6B7-893480E8A5C0}.Release|Any CPU.ActiveCfg = Release|Any CPU
		{372B9A81-6F55-4167-A6B7-893480E8A5C0}.Release|Any CPU.Build.0 = Release|Any CPU
		{372B9A81-6F55-4167-A6B7-893480E8A5C0}.Release|x64.ActiveCfg = Release|Any CPU
		{372B9A81-6F55-4167-A6B7-893480E8A5C0}.Release|x64.Build.0 = Release|Any CPU
		{372B9A81-6F55-4167-A6B7-893480E8A5C0}.Release|x86.ActiveCfg = Release|Any CPU
		{372B9A81-6F55-4167-A6B7-893480E8A5C0}.Release|x86.Build.0 = Release|Any CPU
		{12CB0025-0158-4089-B9FA-67B014028BFE}.Debug|Any CPU.ActiveCfg = Debug|Any CPU
		{12CB0025-0158-4089-B9FA-67B014028BFE}.Debug|Any CPU.Build.0 = Debug|Any CPU
		{12CB0025-0158-4089-B9FA-67B014028BFE}.Debug|x64.ActiveCfg = Debug|Any CPU
		{12CB0025-0158-4089-B9FA-67B014028BFE}.Debug|x64.Build.0 = Debug|Any CPU
		{12CB0025-0158-4089-B9FA-67B014028BFE}.Debug|x86.ActiveCfg = Debug|Any CPU
		{12CB0025-0158-4089-B9FA-67B014028BFE}.Debug|x86.Build.0 = Debug|Any CPU
		{12CB0025-0158-4089-B9FA-67B014028BFE}.Release|Any CPU.ActiveCfg = Release|Any CPU
		{12CB0025-0158-4089-B9FA-67B014028BFE}.Release|Any CPU.Build.0 = Release|Any CPU
		{12CB0025-0158-4089-B9FA-67B014028BFE}.Release|x64.ActiveCfg = Release|Any CPU
		{12CB0025-0158-4089-B9FA-67B014028BFE}.Release|x64.Build.0 = Release|Any CPU
		{12CB0025-0158-4089-B9FA-67B014028BFE}.Release|x86.ActiveCfg = Release|Any CPU
		{12CB0025-0158-4089-B9FA-67B014028BFE}.Release|x86.Build.0 = Release|Any CPU
	EndGlobalSection
	GlobalSection(SolutionProperties) = preSolution
		HideSolutionNode = FALSE
	EndGlobalSection
EndGlobal
